{
    "version": 3,
    "terraform_version": "0.11.5",
    "serial": 6,
    "lineage": "103080fe-3268-5060-a194-ae61e843e2cc",
    "modules": [
        {
            "path": [
                "root"
            ],
            "outputs": {},
            "resources": {
                "aws_default_route_table.tf_private_rt": {
                    "type": "aws_default_route_table",
                    "depends_on": [
                        "aws_vpc.tf_vpc"
                    ],
                    "primary": {
                        "id": "rtb-003afe87c943cabbb",
                        "attributes": {
                            "default_route_table_id": "rtb-003afe87c943cabbb",
                            "id": "rtb-003afe87c943cabbb",
                            "propagating_vgws.#": "0",
                            "route.#": "0",
                            "tags.%": "1",
                            "tags.Name": "tf_private",
                            "vpc_id": "vpc-0247e2b090b2f247f"
                        },
                        "meta": {},
                        "tainted": false
                    },
                    "deposed": [],
                    "provider": "provider.aws"
                },
                "aws_internet_gateway.tf_internet_gateway": {
                    "type": "aws_internet_gateway",
                    "depends_on": [
                        "aws_vpc.tf_vpc"
                    ],
                    "primary": {
                        "id": "igw-0fd9723b9e21195a2",
                        "attributes": {
                            "id": "igw-0fd9723b9e21195a2",
                            "tags.%": "1",
                            "tags.Name": "tf_igw",
                            "vpc_id": "vpc-0247e2b090b2f247f"
                        },
                        "meta": {},
                        "tainted": false
                    },
                    "deposed": [],
                    "provider": "provider.aws"
                },
                "aws_route_table.tf_public_rt": {
                    "type": "aws_route_table",
                    "depends_on": [
                        "aws_internet_gateway.tf_internet_gateway",
                        "aws_vpc.tf_vpc"
                    ],
                    "primary": {
                        "id": "rtb-02cb6d3330d1eaeba",
                        "attributes": {
                            "id": "rtb-02cb6d3330d1eaeba",
                            "propagating_vgws.#": "0",
                            "route.#": "1",
                            "route.945497657.cidr_block": "0.0.0.0/0",
                            "route.945497657.egress_only_gateway_id": "",
                            "route.945497657.gateway_id": "igw-0fd9723b9e21195a2",
                            "route.945497657.instance_id": "",
                            "route.945497657.ipv6_cidr_block": "",
                            "route.945497657.nat_gateway_id": "",
                            "route.945497657.network_interface_id": "",
                            "route.945497657.vpc_peering_connection_id": "",
                            "tags.%": "1",
                            "tags.Name": "tf_public",
                            "vpc_id": "vpc-0247e2b090b2f247f"
                        },
                        "meta": {},
                        "tainted": false
                    },
                    "deposed": [],
                    "provider": "provider.aws"
                },
                "aws_vpc.tf_vpc": {
                    "type": "aws_vpc",
                    "depends_on": [],
                    "primary": {
                        "id": "vpc-0247e2b090b2f247f",
                        "attributes": {
                            "arn": "arn:aws:ec2:us-east-1:349749781445:vpc/vpc-0247e2b090b2f247f",
                            "assign_generated_ipv6_cidr_block": "false",
                            "cidr_block": "10.123.0.0/16",
                            "default_network_acl_id": "acl-00c20b4d82a22f579",
                            "default_route_table_id": "rtb-003afe87c943cabbb",
                            "default_security_group_id": "sg-04687a3aea0118ecf",
                            "dhcp_options_id": "dopt-059b1941c4de934ea",
                            "enable_classiclink": "false",
                            "enable_classiclink_dns_support": "false",
                            "enable_dns_hostnames": "true",
                            "enable_dns_support": "true",
                            "id": "vpc-0247e2b090b2f247f",
                            "instance_tenancy": "default",
                            "main_route_table_id": "rtb-003afe87c943cabbb",
                            "tags.%": "1",
                            "tags.Name": "tf_vpc"
                        },
                        "meta": {
                            "schema_version": "1"
                        },
                        "tainted": false
                    },
                    "deposed": [],
                    "provider": "provider.aws"
                },
                "data.aws_availability_zones.available": {
                    "type": "aws_availability_zones",
                    "depends_on": [],
                    "primary": {
                        "id": "2018-09-07 12:36:10.380552058 +0000 UTC",
                        "attributes": {
                            "id": "2018-09-07 12:36:10.380552058 +0000 UTC",
                            "names.#": "6",
                            "names.0": "us-east-1a",
                            "names.1": "us-east-1b",
                            "names.2": "us-east-1c",
                            "names.3": "us-east-1d",
                            "names.4": "us-east-1e",
                            "names.5": "us-east-1f"
                        },
                        "meta": {},
                        "tainted": false
                    },
                    "deposed": [],
                    "provider": "provider.aws"
                }
            },
            "depends_on": []
        }
    ]
}
